{
  "version": 4,
  "terraform_version": "1.1.5",
  "serial": 4,
  "lineage": "7ebf2f3f-4b23-1026-0e5e-3405bacc0b40",
  "outputs": {},
  "resources": [
    {
      "mode": "managed",
      "type": "google_sql_database",
      "name": "database",
      "provider": "provider[\"registry.terraform.io/hashicorp/google\"]",
      "instances": [
        {
          "schema_version": 0,
          "attributes": {
            "charset": "utf8",
            "collation": "utf8_general_ci",
            "id": "projects/terraformpocproject/instances/testdb/databases/database_name",
            "instance": "testdb",
            "name": "database_name",
            "project": "terraformpocproject",
            "self_link": "https://sqladmin.googleapis.com/sql/v1beta4/projects/terraformpocproject/instances/testdb/databases/database_name",
            "timeouts": null
          },
          "sensitive_attributes": [],
          "private": "eyJlMmJmYjczMC1lY2FhLTExZTYtOGY4OC0zNDM2M2JjN2M0YzAiOnsiY3JlYXRlIjoxMjAwMDAwMDAwMDAwLCJkZWxldGUiOjEyMDAwMDAwMDAwMDAsInVwZGF0ZSI6MTIwMDAwMDAwMDAwMH19",
          "dependencies": [
            "google_sql_database_instance.testdb"
          ]
        }
      ]
    },
    {
      "mode": "managed",
      "type": "google_sql_database_instance",
      "name": "testdb",
      "provider": "provider[\"registry.terraform.io/hashicorp/google\"]",
      "instances": [
        {
          "schema_version": 0,
          "attributes": {
            "clone": [],
            "connection_name": "terraformpocproject:europe-west4:testdb",
            "database_version": "MYSQL_5_7",
            "deletion_protection": true,
            "first_ip_address": "34.90.56.204",
            "id": "testdb",
            "ip_address": [
              {
                "ip_address": "34.90.56.204",
                "time_to_retire": "",
                "type": "PRIMARY"
              }
            ],
            "master_instance_name": "",
            "name": "testdb",
            "private_ip_address": "",
            "project": "terraformpocproject",
            "public_ip_address": "34.90.56.204",
            "region": "europe-west4",
            "replica_configuration": [],
            "restore_backup_context": [],
            "root_password": null,
            "self_link": "https://sqladmin.googleapis.com/sql/v1beta4/projects/terraformpocproject/instances/testdb",
            "server_ca_cert": [
              {
                "cert": "-----BEGIN CERTIFICATE-----\nMIIDfzCCAmegAwIBAgIBADANBgkqhkiG9w0BAQsFADB3MS0wKwYDVQQuEyRlYmU2\nMjQ0OC1hYWFiLTQwMGMtYTIxNS1jNWJmNGIwNzhlOGExIzAhBgNVBAMTGkdvb2ds\nZSBDbG91ZCBTUUwgU2VydmVyIENBMRQwEgYDVQQKEwtHb29nbGUsIEluYzELMAkG\nA1UEBhMCVVMwHhcNMjIwMjExMDcxNjU2WhcNMzIwMjA5MDcxNzU2WjB3MS0wKwYD\nVQQuEyRlYmU2MjQ0OC1hYWFiLTQwMGMtYTIxNS1jNWJmNGIwNzhlOGExIzAhBgNV\nBAMTGkdvb2dsZSBDbG91ZCBTUUwgU2VydmVyIENBMRQwEgYDVQQKEwtHb29nbGUs\nIEluYzELMAkGA1UEBhMCVVMwggEiMA0GCSqGSIb3DQEBAQUAA4IBDwAwggEKAoIB\nAQDFkOCi4tB+TPvfS1hBXtOKEFw3Wp7tpiOemcOmEiiwHwIUurL9ojMDiepDf6wM\nWtlev5MgBCkwBsJ25m1G9mJGUBKJ/tcq7bLMzGrqaXrF8U0tIoLzyY4zOOe0XB6D\n2G/fhUErI2G1gxHlkAJWf4eOepdAy+If+CXUd20G2DwS+yNHhiRAFCj0EleiIGdb\nDRlUXrAxQ5PqQiWRKTbnENO3DS5/sJm8yiJj3lyqOIukewOV0gMI6X4f45jC1P88\nC38VHYiWc6iGKM13jZmFxkIrIiMAIdzINjo76LpL9Di1L+U1ZKqa9VTkGZoW4BWv\n7GTBXLXs46Upp+9B43djiM4jAgMBAAGjFjAUMBIGA1UdEwEB/wQIMAYBAf8CAQAw\nDQYJKoZIhvcNAQELBQADggEBAAr76I8SgXtiOTe+i5yXPtGQFhbDvAGIwSDB/BhV\nPewXBXY/ZQfAVL8DKRvbGKOGBUCVNgK75fQhIWByMth0NvLGYRuWJk2nRbpGxMrt\n8OsAFiksjE+Z0NmHAoAL2rDHBMbq+mnGyfWRim6OAH+NZWg9KTTg92UP536JyzdL\nACCAHkA/+yr+q78yN9+rAAqI4kqPEap7cHN8pMvG5CcFgCszFwguSvvNA8qFx6BU\ndFlveCAmy2x/2VZwI09eN+6Vd4V5OhY13CdvpTlvsZxgZo7qQ0LhPy/8InV/szJb\nKl3vmfKr5uv4FcE0bs0ndT3SfyxjQLhUAoE94fDhBTYWMdw=\n-----END CERTIFICATE-----",
                "common_name": "C=US,O=Google\\, Inc,CN=Google Cloud SQL Server CA,dnQualifier=ebe62448-aaab-400c-a215-c5bf4b078e8a",
                "create_time": "2022-02-11T07:16:56.871Z",
                "expiration_time": "2032-02-09T07:17:56.871Z",
                "sha1_fingerprint": "344a57a387eb6ceb475a745188981dbe2229cc28"
              }
            ],
            "service_account_email_address": "p772233136310-hqbiy1@gcp-sa-cloud-sql.iam.gserviceaccount.com",
            "settings": [
              {
                "activation_policy": "ALWAYS",
                "availability_type": "ZONAL",
                "backup_configuration": [
                  {
                    "backup_retention_settings": [
                      {
                        "retained_backups": 7,
                        "retention_unit": "COUNT"
                      }
                    ],
                    "binary_log_enabled": false,
                    "enabled": false,
                    "location": "",
                    "point_in_time_recovery_enabled": false,
                    "start_time": "06:00",
                    "transaction_log_retention_days": 7
                  }
                ],
                "collation": "",
                "database_flags": [],
                "disk_autoresize": true,
                "disk_autoresize_limit": 0,
                "disk_size": 10,
                "disk_type": "PD_SSD",
                "insights_config": [],
                "ip_configuration": [
                  {
                    "allocated_ip_range": "",
                    "authorized_networks": [],
                    "ipv4_enabled": true,
                    "private_network": "",
                    "require_ssl": false
                  }
                ],
                "location_preference": [
                  {
                    "follow_gae_application": "",
                    "zone": "europe-west4-c"
                  }
                ],
                "maintenance_window": [],
                "pricing_plan": "PER_USE",
                "tier": "db-n1-standard-2",
                "user_labels": {},
                "version": 1
              }
            ],
            "timeouts": null
          },
          "sensitive_attributes": [],
          "private": "eyJlMmJmYjczMC1lY2FhLTExZTYtOGY4OC0zNDM2M2JjN2M0YzAiOnsiY3JlYXRlIjoxODAwMDAwMDAwMDAwLCJkZWxldGUiOjE4MDAwMDAwMDAwMDAsInVwZGF0ZSI6MTgwMDAwMDAwMDAwMH19"
        }
      ]
    }
  ]
}
